
Microsoft Visual Studio Solution File, Format Version 12.00
# Visual Studio Version 17
VisualStudioVersion = 17.4.33205.214
MinimumVisualStudioVersion = 10.0.40219.1
Project("{FAE04EC0-301F-11D3-BF4B-00C04F79EFBC}") = "MVC-Practical-Dapper", "MVC-Practical-Dapper.csproj", "{67E94A1E-C222-46AF-B1D4-BB8D325D6A7E}"
EndProject
Global
	GlobalSection(SolutionConfigurationPlatforms) = preSolution
		Debug|Any CPU = Debug|Any CPU
		Release|Any CPU = Release|Any CPU
	EndGlobalSection
	GlobalSection(ProjectConfigurationPlatforms) = postSolution
		{67E94A1E-C222-46AF-B1D4-BB8D325D6A7E}.Debug|Any CPU.ActiveCfg = Debug|Any CPU
		{67E94A1E-C222-46AF-B1D4-BB8D325D6A7E}.Debug|Any CPU.Build.0 = Debug|Any CPU
		{67E94A1E-C222-46AF-B1D4-BB8D325D6A7E}.Release|Any CPU.ActiveCfg = Release|Any CPU
		{67E94A1E-C222-46AF-B1D4-BB8D325D6A7E}.Release|Any CPU.Build.0 = Release|Any CPU
	EndGlobalSection
	GlobalSection(SolutionProperties) = preSolution
		HideSolutionNode = FALSE
	EndGlobalSection
	GlobalSection(ExtensibilityGlobals) = postSolution
		SolutionGuid = {8B084149-04D7-46E4-B121-7263F490B39B}
	EndGlobalSection
EndGlobal
